
Microsoft Visual Studio Solution File, Format Version 12.00
# Visual Studio Version 16
VisualStudioVersion = 16.0.30717.126
MinimumVisualStudioVersion = 10.0.40219.1
Project("{FAE04EC0-301F-11D3-BF4B-00C04F79EFBC}") = "TrackerUI", "TrackerUI\TrackerUI.csproj", "{404A067F-C661-4CC7-9DAE-5A1A36FF4892}"
EndProject
Project("{FAE04EC0-301F-11D3-BF4B-00C04F79EFBC}") = "TrackerLibrary", "TrackerLibrary\TrackerLibrary.csproj", "{E0A92053-1D70-47DF-ADAC-DB42746AEC84}"
EndProject
Global
	GlobalSection(SolutionConfigurationPlatforms) = preSolution
		Debug|Any CPU = Debug|Any CPU
		Release|Any CPU = Release|Any CPU
	EndGlobalSection
	GlobalSection(ProjectConfigurationPlatforms) = postSolution
		{404A067F-C661-4CC7-9DAE-5A1A36FF4892}.Debug|Any CPU.ActiveCfg = Debug|Any CPU
		{404A067F-C661-4CC7-9DAE-5A1A36FF4892}.Debug|Any CPU.Build.0 = Debug|Any CPU
		{404A067F-C661-4CC7-9DAE-5A1A36FF4892}.Release|Any CPU.ActiveCfg = Release|Any CPU
		{404A067F-C661-4CC7-9DAE-5A1A36FF4892}.Release|Any CPU.Build.0 = Release|Any CPU
		{E0A92053-1D70-47DF-ADAC-DB42746AEC84}.Debug|Any CPU.ActiveCfg = Debug|Any CPU
		{E0A92053-1D70-47DF-ADAC-DB42746AEC84}.Debug|Any CPU.Build.0 = Debug|Any CPU
		{E0A92053-1D70-47DF-ADAC-DB42746AEC84}.Release|Any CPU.ActiveCfg = Release|Any CPU
		{E0A92053-1D70-47DF-ADAC-DB42746AEC84}.Release|Any CPU.Build.0 = Release|Any CPU
	EndGlobalSection
	GlobalSection(SolutionProperties) = preSolution
		HideSolutionNode = FALSE
	EndGlobalSection
	GlobalSection(ExtensibilityGlobals) = postSolution
		SolutionGuid = {DEAD4603-5C35-406A-8446-EEA06A1CE783}
	EndGlobalSection
EndGlobal
